// !$*UTF8*$!
{
	archiveVersion = 1;
	classes = {
	};
	objectVersion = 46;
	objects = {

/* Begin PBXBuildFile section */
		BCC786671E695344006B6B04 /* main.m in Sources */ = {isa = PBXBuildFile; fileRef = BCC786661E695344006B6B04 /* main.m */; };
		BCC7866A1E695344006B6B04 /* AppDelegate.m in Sources */ = {isa = PBXBuildFile; fileRef = BCC786691E695344006B6B04 /* AppDelegate.m */; };
		BCC7866D1E695344006B6B04 /* ViewController.m in Sources */ = {isa = PBXBuildFile; fileRef = BCC7866C1E695344006B6B04 /* ViewController.m */; };
		BCC786701E695344006B6B04 /* Main.storyboard in Resources */ = {isa = PBXBuildFile; fileRef = BCC7866E1E695344006B6B04 /* Main.storyboard */; };
		BCC786721E695344006B6B04 /* Assets.xcassets in Resources */ = {isa = PBXBuildFile; fileRef = BCC786711E695344006B6B04 /* Assets.xcassets */; };
		BCC786751E695344006B6B04 /* LaunchScreen.storyboard in Resources */ = {isa = PBXBuildFile; fileRef = BCC786731E695344006B6B04 /* LaunchScreen.storyboard */; };
/* End PBXBuildFile section */

/* Begin PBXFileReference section */
		BCC786621E695344006B6B04 /* LiveRoomGiftAnimations.app */ = {isa = PBXFileReference; explicitFileType = wrapper.application; includeInIndex = 0; path = LiveRoomGiftAnimations.app; sourceTree = BUILT_PRODUCTS_DIR; };
		BCC786661E695344006B6B04 /* main.m */ = {isa = PBXFileReference; lastKnownFileType = sourcecode.c.objc; path = main.m; sourceTree = "<group>"; };
		BCC786681E695344006B6B04 /* AppDelegate.h */ = {isa = PBXFileReference; lastKnownFileType = sourcecode.c.h; path = AppDelegate.h; sourceTree = "<group>"; };
		BCC786691E695344006B6B04 /* AppDelegate.m */ = {isa = PBXFileReference; lastKnownFileType = sourcecode.c.objc; path = AppDelegate.m; sourceTree = "<group>"; };
		BCC7866B1E695344006B6B04 /* ViewController.h */ = {isa = PBXFileReference; lastKnownFileType = sourcecode.c.h; path = ViewController.h; sourceTree = "<group>"; };
		BCC7866C1E695344006B6B04 /* ViewController.m */ = {isa = PBXFileReference; lastKnownFileType = sourcecode.c.objc; path = ViewController.m; sourceTree = "<group>"; };
		BCC7866F1E695344006B6B04 /* Base */ = {isa = PBXFileReference; lastKnownFileType = file.storyboard; name = Base; path = Base.lproj/Main.storyboard; sourceTree = "<group>"; };
		BCC786711E695344006B6B04 /* Assets.xcassets */ = {isa = PBXFileReference; lastKnownFileType = folder.assetcatalog; path = Assets.xcassets; sourceTree = "<group>"; };
		BCC786741E695344006B6B04 /* Base */ = {isa = PBXFileReference; lastKnownFileType = file.storyboard; name = Base; path = Base.lproj/LaunchScreen.storyboard; sourceTree = "<group>"; };
		BCC786761E695344006B6B04 /* Info.plist */ = {isa = PBXFileReference; lastKnownFileType = text.plist.xml; path = Info.plist; sourceTree = "<group>"; };
/* End PBXFileReference section */

/* Begin PBXFrameworksBuildPhase section */
		BCC7865F1E695344006B6B04 /* Frameworks */ = {
			isa = PBXFrameworksBuildPhase;
			buildActionMask = 2147483647;
			files = (
			);
			runOnlyForDeploymentPostprocessing = 0;
		};
/* End PBXFrameworksBuildPhase section */

/* Begin PBXGroup section */
		BCC786591E695344006B6B04 = {
			isa = PBXGroup;
			children = (
				BCC786641E695344006B6B04 /* LiveRoomGiftAnimations */,
				BCC786631E695344006B6B04 /* Products */,
			);
			sourceTree = "<group>";
		};
		BCC786631E695344006B6B04 /* Products */ = {
			isa = PBXGroup;
			children = (
				BCC786621E695344006B6B04 /* LiveRoomGiftAnimations.app */,
			);
			name = Products;
			sourceTree = "<group>";
		};
		BCC786641E695344006B6B04 /* LiveRoomGiftAnimations */ = {
			isa = PBXGroup;
			children = (
				BCC786681E695344006B6B04 /* AppDelegate.h */,
				BCC786691E695344006B6B04 /* AppDelegate.m */,
				BCC7866B1E695344006B6B04 /* ViewController.h */,
				BCC7866C1E695344006B6B04 /* ViewController.m */,
				BCC7866E1E695344006B6B04 /* Main.storyboard */,
				BCC786711E695344006B6B04 /* Assets.xcassets */,
				BCC786731E695344006B6B04 /* LaunchScreen.storyboard */,
				BCC786761E695344006B6B04 /* Info.plist */,
				BCC786651E695344006B6B04 /* Supporting Files */,
			);
			path = LiveRoomGiftAnimations;
			sourceTree = "<group>";
		};
		BCC786651E695344006B6B04 /* Supporting Files */ = {
			isa = PBXGroup;
			children = (
				BCC786661E695344006B6B04 /* main.m */,
			);
			name = "Supporting Files";
			sourceTree = "<group>";
		};
/* End PBXGroup section */

/* Begin PBXNativeTarget section */
		BCC786611E695344006B6B04 /* LiveRoomGiftAnimations */ = {
			isa = PBXNativeTarget;
			buildConfigurationList = BCC786791E695344006B6B04 /* Build configuration list for PBXNativeTarget "LiveRoomGiftAnimations" */;
			buildPhases = (
				BCC7865E1E695344006B6B04 /* Sources */,
				BCC7865F1E695344006B6B04 /* Frameworks */,
				BCC786601E695344006B6B04 /* Resources */,
			);
			buildRules = (
			);
			dependencies = (
			);
			name = LiveRoomGiftAnimations;
			productName = LiveRoomGiftAnimations;
			productReference = BCC786621E695344006B6B04 /* LiveRoomGiftAnimations.app */;
			productType = "com.apple.product-type.application";
		};
/* End PBXNativeTarget section */

/* Begin PBXProject section */
		BCC7865A1E695344006B6B04 /* Project object */ = {
			isa = PBXProject;
			attributes = {
				LastUpgradeCheck = 0820;
				ORGANIZATIONNAME = animation;
				TargetAttributes = {
					BCC786611E695344006B6B04 = {
						CreatedOnToolsVersion = 8.2.1;
						ProvisioningStyle = Automatic;
					};
				};
			};
			buildConfigurationList = BCC7865D1E695344006B6B04 /* Build configuration list for PBXProject "LiveRoomGiftAnimations" */;
			compatibilityVersion = "Xcode 3.2";
			developmentRegion = English;
			hasScannedForEncodings = 0;
			knownRegions = (
				en,
				Base,
			);
			mainGroup = BCC786591E695344006B6B04;
			productRefGroup = BCC786631E695344006B6B04 /* Products */;
			projectDirPath = "";
			projectRoot = "";
			targets = (
				BCC786611E695344006B6B04 /* LiveRoomGiftAnimations */,
			);
		};
/* End PBXProject section */

/* Begin PBXResourcesBuildPhase section */
		BCC786601E695344006B6B04 /* Resources */ = {
			isa = PBXResourcesBuildPhase;
			buildActionMask = 2147483647;
			files = (
				BCC786751E695344006B6B04 /* LaunchScreen.storyboard in Resources */,
				BCC786721E695344006B6B04 /* Assets.xcassets in Resources */,
				BCC786701E695344006B6B04 /* Main.storyboard in Resources */,
			);
			runOnlyForDeploymentPostprocessing = 0;
		};
/* End PBXResourcesBuildPhase section */

/* Begin PBXSourcesBuildPhase section */
		BCC7865E1E695344006B6B04 /* Sources */ = {
			isa = PBXSourcesBuildPhase;
			buildActionMask = 2147483647;
			files = (
				BCC7866D1E695344006B6B04 /* ViewController.m in Sources */,
				BCC7866A1E695344006B6B04 /* AppDelegate.m in Sources */,
				BCC786671E695344006B6B04 /* main.m in Sources */,
			);
			runOnlyForDeploymentPostprocessing = 0;
		};
/* End PBXSourcesBuildPhase section */

/* Begin PBXVariantGroup section */
		BCC7866E1E695344006B6B04 /* Main.storyboard */ = {
			isa = PBXVariantGroup;
			children = (
				BCC7866F1E695344006B6B04 /* Base */,
			);
			name = Main.storyboard;
			sourceTree = "<group>";
		};
		BCC786731E695344006B6B04 /* LaunchScreen.storyboard */ = {
			isa = PBXVariantGroup;
			children = (
				BCC786741E695344006B6B04 /* Base */,
			);
			name = LaunchScreen.storyboard;
			sourceTree = "<group>";
		};
/* End PBXVariantGroup section */

/* Begin XCBuildConfiguration section */
		BCC786771E695344006B6B04 /* Debug */ = {
			isa = XCBuildConfiguration;
			buildSettings = {
				ALWAYS_SEARCH_USER_PATHS = NO;
				CLANG_ANALYZER_NONNULL = YES;
				CLANG_CXX_LANGUAGE_STANDARD = "gnu++0x";
				CLANG_CXX_LIBRARY = "libc++";
				CLANG_ENABLE_MODULES = YES;
				CLANG_ENABLE_OBJC_ARC = YES;
				CLANG_WARN_BOOL_CONVERSION = YES;
				CLANG_WARN_CONSTANT_CONVERSION = YES;
				CLANG_WARN_DIRECT_OBJC_ISA_USAGE = YES_ERROR;
				CLANG_WARN_DOCUMENTATION_COMMENTS = YES;
				CLANG_WARN_EMPTY_BODY = YES;
				CLANG_WARN_ENUM_CONVERSION = YES;
				CLANG_WARN_INFINITE_RECURSION = YES;
				CLANG_WARN_INT_CONVERSION = YES;
				CLANG_WARN_OBJC_ROOT_CLASS = YES_ERROR;
				CLANG_WARN_SUSPICIOUS_MOVE = YES;
				CLANG_WARN_UNREACHABLE_CODE = YES;
				CLANG_WARN__DUPLICATE_METHOD_MATCH = YES;
				"CODE_SIGN_IDENTITY[sdk=iphoneos*]" = "iPhone Developer";
				COPY_PHASE_STRIP = NO;
				DEBUG_INFORMATION_FORMAT = dwarf;
				ENABLE_STRICT_OBJC_MSGSEND = YES;
				ENABLE_TESTABILITY = YES;
				GCC_C_LANGUAGE_STANDARD = gnu99;
				GCC_DYNAMIC_NO_PIC = NO;
				GCC_NO_COMMON_BLOCKS = YES;
				GCC_OPTIMIZATION_LEVEL = 0;
				GCC_PREPROCESSOR_DEFINITIONS = (
					"DEBUG=1",
					"$(inherited)",
				);
				GCC_WARN_64_TO_32_BIT_CONVERSION = YES;
				GCC_WARN_ABOUT_RETURN_TYPE = YES_ERROR;
				GCC_WARN_UNDECLARED_SELECTOR = YES;
				GCC_WARN_UNINITIALIZED_AUTOS = YES_AGGRESSIVE;
				GCC_WARN_UNUSED_FUNCTION = YES;
				GCC_WARN_UNUSED_VARIABLE = YES;
				IPHONEOS_DEPLOYMENT_TARGET = 10.2;
				MTL_ENABLE_DEBUG_INFO = YES;
				ONLY_ACTIVE_ARCH = YES;
				SDKROOT = iphoneos;
			};
			name = Debug;
		};
		BCC786781E695344006B6B04 /* Release */ = {
			isa = XCBuildConfiguration;
			buildSettings = {
				ALWAYS_SEARCH_USER_PATHS = NO;
				CLANG_ANALYZER_NONNULL = YES;
				CLANG_CXX_LANGUAGE_STANDARD = "gnu++0x";
				CLANG_CXX_LIBRARY = "libc++";
				CLANG_ENABLE_MODULES = YES;
				CLANG_ENABLE_OBJC_ARC = YES;
				CLANG_WARN_BOOL_CONVERSION = YES;
				CLANG_WARN_CONSTANT_CONVERSION = YES;
				CLANG_WARN_DIRECT_OBJC_ISA_USAGE = YES_ERROR;
				CLANG_WARN_DOCUMENTATION_COMMENTS = YES;
				CLANG_WARN_EMPTY_BODY = YES;
				CLANG_WARN_ENUM_CONVERSION = YES;
				CLANG_WARN_INFINITE_RECURSION = YES;
				CLANG_WARN_INT_CONVERSION = YES;
				CLANG_WARN_OBJC_ROOT_CLASS = YES_ERROR;
				CLANG_WARN_SUSPICIOUS_MOVE = YES;
				CLANG_WARN_UNREACHABLE_CODE = YES;
				CLANG_WARN__DUPLICATE_METHOD_MATCH = YES;
				"CODE_SIGN_IDENTITY[sdk=iphoneos*]" = "iPhone Developer";
				COPY_PHASE_STRIP = NO;
				DEBUG_INFORMATION_FORMAT = "dwarf-with-dsym";
				ENABLE_NS_ASSERTIONS = NO;
				ENABLE_STRICT_OBJC_MSGSEND = YES;
				GCC_C_LANGUAGE_STANDARD = gnu99;
				GCC_NO_COMMON_BLOCKS = YES;
				GCC_WARN_64_TO_32_BIT_CONVERSION = YES;
				GCC_WARN_ABOUT_RETURN_TYPE = YES_ERROR;
				GCC_WARN_UNDECLARED_SELECTOR = YES;
				GCC_WARN_UNINITIALIZED_AUTOS = YES_AGGRESSIVE;
				GCC_WARN_UNUSED_FUNCTION = YES;
				GCC_WARN_UNUSED_VARIABLE = YES;
				IPHONEOS_DEPLOYMENT_TARGET = 10.2;
				MTL_ENABLE_DEBUG_INFO = NO;
				SDKROOT = iphoneos;
				VALIDATE_PRODUCT = YES;
			};
			name = Release;
		};
		BCC7867A1E695344006B6B04 /* Debug */ = {
			isa = XCBuildConfiguration;
			buildSettings = {
				ASSETCATALOG_COMPILER_APPICON_NAME = AppIcon;
				INFOPLIST_FILE = LiveRoomGiftAnimations/Info.plist;
				LD_RUNPATH_SEARCH_PATHS = "$(inherited) @executable_path/Frameworks";
				PRODUCT_BUNDLE_IDENTIFIER = animation.LiveRoomGiftAnimations;
				PRODUCT_NAME = "$(TARGET_NAME)";
			};
			name = Debug;
		};
		BCC7867B1E695344006B6B04 /* Release */ = {
			isa = XCBuildConfiguration;
			buildSettings = {
				ASSETCATALOG_COMPILER_APPICON_NAME = AppIcon;
				INFOPLIST_FILE = LiveRoomGiftAnimations/Info.plist;
				LD_RUNPATH_SEARCH_PATHS = "$(inherited) @executable_path/Frameworks";
				PRODUCT_BUNDLE_IDENTIFIER = animation.LiveRoomGiftAnimations;
				PRODUCT_NAME = "$(TARGET_NAME)";
			};
			name = Release;
		};
/* End XCBuildConfiguration section */

/* Begin XCConfigurationList section */
		BCC7865D1E695344006B6B04 /* Build configuration list for PBXProject "LiveRoomGiftAnimations" */ = {
			isa = XCConfigurationList;
			buildConfigurations = (
				BCC786771E695344006B6B04 /* Debug */,
				BCC786781E695344006B6B04 /* Release */,
			);
			defaultConfigurationIsVisible = 0;
			defaultConfigurationName = Release;
		};
		BCC786791E695344006B6B04 /* Build configuration list for PBXNativeTarget "LiveRoomGiftAnimations" */ = {
			isa = XCConfigurationList;
			buildConfigurations = (
				BCC7867A1E695344006B6B04 /* Debug */,
				BCC7867B1E695344006B6B04 /* Release */,
			);
			defaultConfigurationIsVisible = 0;
		};
/* End XCConfigurationList section */
	};
	rootObject = BCC7865A1E695344006B6B04 /* Project object */;
}
