// !$*UTF8*$!
{
	archiveVersion = 1;
	classes = {
	};
	objectVersion = 46;
	objects = {

/* Begin PBXBuildFile section */
		BCC786671E695344006B6B04 /* main.m in Sources */ = {isa = PBXBuildFile; fileRef = BCC786661E695344006B6B04 /* main.m */; };
		BCC7866A1E695344006B6B04 /* AppDelegate.m in Sources */ = {isa = PBXBuildFile; fileRef = BCC786691E695344006B6B04 /* AppDelegate.m */; };
		BCC786701E695344006B6B04 /* Main.storyboard in Resources */ = {isa = PBXBuildFile; fileRef = BCC7866E1E695344006B6B04 /* Main.storyboard */; };
		BCC786721E695344006B6B04 /* Assets.xcassets in Resources */ = {isa = PBXBuildFile; fileRef = BCC786711E695344006B6B04 /* Assets.xcassets */; };
		BCC786751E695344006B6B04 /* LaunchScreen.storyboard in Resources */ = {isa = PBXBuildFile; fileRef = BCC786731E695344006B6B04 /* LaunchScreen.storyboard */; };
		BCC9A3D71E70EF5700A2A81B /* BaseFullContentViewController.m in Sources */ = {isa = PBXBuildFile; fileRef = BCC9A3D61E70EF5700A2A81B /* BaseFullContentViewController.m */; };
		BCC9A3DA1E70F4F800A2A81B /* MainListViewController.m in Sources */ = {isa = PBXBuildFile; fileRef = BCC9A3D91E70F4F800A2A81B /* MainListViewController.m */; };
		BCC9A3DD1E7137EF00A2A81B /* BaseNavigationController.m in Sources */ = {isa = PBXBuildFile; fileRef = BCC9A3DC1E7137EF00A2A81B /* BaseNavigationController.m */; };
		BCC9A3E11E714D9800A2A81B /* CustomNormalViewController.m in Sources */ = {isa = PBXBuildFile; fileRef = BCC9A3E01E714D9800A2A81B /* CustomNormalViewController.m */; };
		BCC9A3E71E71667C00A2A81B /* HexColors.m in Sources */ = {isa = PBXBuildFile; fileRef = BCC9A3E61E71667C00A2A81B /* HexColors.m */; };
		BCC9A3EA1E71695A00A2A81B /* huakangshaonv.ttf in Resources */ = {isa = PBXBuildFile; fileRef = BCC9A3E91E71695A00A2A81B /* huakangshaonv.ttf */; };
		BCD89C591E701AC100B2AD9B /* BaseViewController.m in Sources */ = {isa = PBXBuildFile; fileRef = BCD89C581E701AC100B2AD9B /* BaseViewController.m */; };
		BCD89C5C1E701AE200B2AD9B /* BaseContentViewController.m in Sources */ = {isa = PBXBuildFile; fileRef = BCD89C5B1E701AE200B2AD9B /* BaseContentViewController.m */; };
/* End PBXBuildFile section */

/* Begin PBXFileReference section */
		BCC786621E695344006B6B04 /* LiveRoomGiftAnimations.app */ = {isa = PBXFileReference; explicitFileType = wrapper.application; includeInIndex = 0; path = LiveRoomGiftAnimations.app; sourceTree = BUILT_PRODUCTS_DIR; };
		BCC786661E695344006B6B04 /* main.m */ = {isa = PBXFileReference; lastKnownFileType = sourcecode.c.objc; path = main.m; sourceTree = "<group>"; };
		BCC786681E695344006B6B04 /* AppDelegate.h */ = {isa = PBXFileReference; lastKnownFileType = sourcecode.c.h; path = AppDelegate.h; sourceTree = "<group>"; };
		BCC786691E695344006B6B04 /* AppDelegate.m */ = {isa = PBXFileReference; lastKnownFileType = sourcecode.c.objc; path = AppDelegate.m; sourceTree = "<group>"; };
		BCC7866F1E695344006B6B04 /* Base */ = {isa = PBXFileReference; lastKnownFileType = file.storyboard; name = Base; path = Base.lproj/Main.storyboard; sourceTree = "<group>"; };
		BCC786711E695344006B6B04 /* Assets.xcassets */ = {isa = PBXFileReference; lastKnownFileType = folder.assetcatalog; path = Assets.xcassets; sourceTree = "<group>"; };
		BCC786741E695344006B6B04 /* Base */ = {isa = PBXFileReference; lastKnownFileType = file.storyboard; name = Base; path = Base.lproj/LaunchScreen.storyboard; sourceTree = "<group>"; };
		BCC786761E695344006B6B04 /* Info.plist */ = {isa = PBXFileReference; lastKnownFileType = text.plist.xml; path = Info.plist; sourceTree = "<group>"; };
		BCC9A3D51E70EF5700A2A81B /* BaseFullContentViewController.h */ = {isa = PBXFileReference; fileEncoding = 4; lastKnownFileType = sourcecode.c.h; path = BaseFullContentViewController.h; sourceTree = "<group>"; };
		BCC9A3D61E70EF5700A2A81B /* BaseFullContentViewController.m */ = {isa = PBXFileReference; fileEncoding = 4; lastKnownFileType = sourcecode.c.objc; path = BaseFullContentViewController.m; sourceTree = "<group>"; };
		BCC9A3D81E70F4F800A2A81B /* MainListViewController.h */ = {isa = PBXFileReference; fileEncoding = 4; lastKnownFileType = sourcecode.c.h; path = MainListViewController.h; sourceTree = "<group>"; };
		BCC9A3D91E70F4F800A2A81B /* MainListViewController.m */ = {isa = PBXFileReference; fileEncoding = 4; lastKnownFileType = sourcecode.c.objc; path = MainListViewController.m; sourceTree = "<group>"; };
		BCC9A3DB1E7137EF00A2A81B /* BaseNavigationController.h */ = {isa = PBXFileReference; fileEncoding = 4; lastKnownFileType = sourcecode.c.h; path = BaseNavigationController.h; sourceTree = "<group>"; };
		BCC9A3DC1E7137EF00A2A81B /* BaseNavigationController.m */ = {isa = PBXFileReference; fileEncoding = 4; lastKnownFileType = sourcecode.c.objc; path = BaseNavigationController.m; sourceTree = "<group>"; };
		BCC9A3DF1E714D9800A2A81B /* CustomNormalViewController.h */ = {isa = PBXFileReference; fileEncoding = 4; lastKnownFileType = sourcecode.c.h; path = CustomNormalViewController.h; sourceTree = "<group>"; };
		BCC9A3E01E714D9800A2A81B /* CustomNormalViewController.m */ = {isa = PBXFileReference; fileEncoding = 4; lastKnownFileType = sourcecode.c.objc; path = CustomNormalViewController.m; sourceTree = "<group>"; };
		BCC9A3E51E71667C00A2A81B /* HexColors.h */ = {isa = PBXFileReference; fileEncoding = 4; lastKnownFileType = sourcecode.c.h; path = HexColors.h; sourceTree = "<group>"; };
		BCC9A3E61E71667C00A2A81B /* HexColors.m */ = {isa = PBXFileReference; fileEncoding = 4; lastKnownFileType = sourcecode.c.objc; path = HexColors.m; sourceTree = "<group>"; };
		BCC9A3E81E7166C100A2A81B /* LiveAnimationPrefixHeader.pch */ = {isa = PBXFileReference; fileEncoding = 4; lastKnownFileType = sourcecode.c.h; path = LiveAnimationPrefixHeader.pch; sourceTree = "<group>"; };
		BCC9A3E91E71695A00A2A81B /* huakangshaonv.ttf */ = {isa = PBXFileReference; lastKnownFileType = file; path = huakangshaonv.ttf; sourceTree = "<group>"; };
		BCD89C571E701AC100B2AD9B /* BaseViewController.h */ = {isa = PBXFileReference; fileEncoding = 4; lastKnownFileType = sourcecode.c.h; path = BaseViewController.h; sourceTree = "<group>"; };
		BCD89C581E701AC100B2AD9B /* BaseViewController.m */ = {isa = PBXFileReference; fileEncoding = 4; lastKnownFileType = sourcecode.c.objc; path = BaseViewController.m; sourceTree = "<group>"; };
		BCD89C5A1E701AE200B2AD9B /* BaseContentViewController.h */ = {isa = PBXFileReference; fileEncoding = 4; lastKnownFileType = sourcecode.c.h; path = BaseContentViewController.h; sourceTree = "<group>"; };
		BCD89C5B1E701AE200B2AD9B /* BaseContentViewController.m */ = {isa = PBXFileReference; fileEncoding = 4; lastKnownFileType = sourcecode.c.objc; path = BaseContentViewController.m; sourceTree = "<group>"; };
/* End PBXFileReference section */

/* Begin PBXFrameworksBuildPhase section */
		BCC7865F1E695344006B6B04 /* Frameworks */ = {
			isa = PBXFrameworksBuildPhase;
			buildActionMask = 2147483647;
			files = (
			);
			runOnlyForDeploymentPostprocessing = 0;
		};
/* End PBXFrameworksBuildPhase section */

/* Begin PBXGroup section */
		BCC786591E695344006B6B04 = {
			isa = PBXGroup;
			children = (
				BCC786641E695344006B6B04 /* LiveRoomGiftAnimations */,
				BCC786631E695344006B6B04 /* Products */,
			);
			sourceTree = "<group>";
		};
		BCC786631E695344006B6B04 /* Products */ = {
			isa = PBXGroup;
			children = (
				BCC786621E695344006B6B04 /* LiveRoomGiftAnimations.app */,
			);
			name = Products;
			sourceTree = "<group>";
		};
		BCC786641E695344006B6B04 /* LiveRoomGiftAnimations */ = {
			isa = PBXGroup;
			children = (
				BCC786681E695344006B6B04 /* AppDelegate.h */,
				BCC786691E695344006B6B04 /* AppDelegate.m */,
				BCD89C531E70176E00B2AD9B /* MainController */,
				BCC9A3DE1E714CB500A2A81B /* CustomBaseClass */,
				BCD89C511E70176E00B2AD9B /* BaseClass */,
				BCD89C521E70176E00B2AD9B /* Controllers */,
				BCC9A3E21E7165EF00A2A81B /* UI-Component */,
				BCC786651E695344006B6B04 /* Supporting Files */,
			);
			path = LiveRoomGiftAnimations;
			sourceTree = "<group>";
		};
		BCC786651E695344006B6B04 /* Supporting Files */ = {
			isa = PBXGroup;
			children = (
				BCC7866E1E695344006B6B04 /* Main.storyboard */,
				BCC786711E695344006B6B04 /* Assets.xcassets */,
				BCC786731E695344006B6B04 /* LaunchScreen.storyboard */,
				BCC786761E695344006B6B04 /* Info.plist */,
				BCC786661E695344006B6B04 /* main.m */,
				BCC9A3E81E7166C100A2A81B /* LiveAnimationPrefixHeader.pch */,
				BCC9A3E91E71695A00A2A81B /* huakangshaonv.ttf */,
			);
			name = "Supporting Files";
			sourceTree = "<group>";
		};
		BCC9A3DE1E714CB500A2A81B /* CustomBaseClass */ = {
			isa = PBXGroup;
			children = (
				BCC9A3DF1E714D9800A2A81B /* CustomNormalViewController.h */,
				BCC9A3E01E714D9800A2A81B /* CustomNormalViewController.m */,
			);
			path = CustomBaseClass;
			sourceTree = "<group>";
		};
		BCC9A3E21E7165EF00A2A81B /* UI-Component */ = {
			isa = PBXGroup;
			children = (
				BCC9A3E41E71666100A2A81B /* HexColor */,
			);
			path = "UI-Component";
			sourceTree = "<group>";
		};
		BCC9A3E41E71666100A2A81B /* HexColor */ = {
			isa = PBXGroup;
			children = (
				BCC9A3E51E71667C00A2A81B /* HexColors.h */,
				BCC9A3E61E71667C00A2A81B /* HexColors.m */,
			);
			name = HexColor;
			sourceTree = "<group>";
		};
		BCD89C511E70176E00B2AD9B /* BaseClass */ = {
			isa = PBXGroup;
			children = (
				BCD89C571E701AC100B2AD9B /* BaseViewController.h */,
				BCD89C581E701AC100B2AD9B /* BaseViewController.m */,
				BCD89C5A1E701AE200B2AD9B /* BaseContentViewController.h */,
				BCD89C5B1E701AE200B2AD9B /* BaseContentViewController.m */,
				BCC9A3D51E70EF5700A2A81B /* BaseFullContentViewController.h */,
				BCC9A3D61E70EF5700A2A81B /* BaseFullContentViewController.m */,
				BCC9A3DB1E7137EF00A2A81B /* BaseNavigationController.h */,
				BCC9A3DC1E7137EF00A2A81B /* BaseNavigationController.m */,
			);
			path = BaseClass;
			sourceTree = "<group>";
		};
		BCD89C521E70176E00B2AD9B /* Controllers */ = {
			isa = PBXGroup;
			children = (
			);
			path = Controllers;
			sourceTree = "<group>";
		};
		BCD89C531E70176E00B2AD9B /* MainController */ = {
			isa = PBXGroup;
			children = (
				BCC9A3D81E70F4F800A2A81B /* MainListViewController.h */,
				BCC9A3D91E70F4F800A2A81B /* MainListViewController.m */,
			);
			path = MainController;
			sourceTree = "<group>";
		};
/* End PBXGroup section */

/* Begin PBXNativeTarget section */
		BCC786611E695344006B6B04 /* LiveRoomGiftAnimations */ = {
			isa = PBXNativeTarget;
			buildConfigurationList = BCC786791E695344006B6B04 /* Build configuration list for PBXNativeTarget "LiveRoomGiftAnimations" */;
			buildPhases = (
				BCC7865E1E695344006B6B04 /* Sources */,
				BCC7865F1E695344006B6B04 /* Frameworks */,
				BCC786601E695344006B6B04 /* Resources */,
			);
			buildRules = (
			);
			dependencies = (
			);
			name = LiveRoomGiftAnimations;
			productName = LiveRoomGiftAnimations;
			productReference = BCC786621E695344006B6B04 /* LiveRoomGiftAnimations.app */;
			productType = "com.apple.product-type.application";
		};
/* End PBXNativeTarget section */

/* Begin PBXProject section */
		BCC7865A1E695344006B6B04 /* Project object */ = {
			isa = PBXProject;
			attributes = {
				LastUpgradeCheck = 0820;
				ORGANIZATIONNAME = animation;
				TargetAttributes = {
					BCC786611E695344006B6B04 = {
						CreatedOnToolsVersion = 8.2.1;
						DevelopmentTeam = LH66V26Z7L;
						ProvisioningStyle = Automatic;
					};
				};
			};
			buildConfigurationList = BCC7865D1E695344006B6B04 /* Build configuration list for PBXProject "LiveRoomGiftAnimations" */;
			compatibilityVersion = "Xcode 3.2";
			developmentRegion = English;
			hasScannedForEncodings = 0;
			knownRegions = (
				en,
				Base,
			);
			mainGroup = BCC786591E695344006B6B04;
			productRefGroup = BCC786631E695344006B6B04 /* Products */;
			projectDirPath = "";
			projectRoot = "";
			targets = (
				BCC786611E695344006B6B04 /* LiveRoomGiftAnimations */,
			);
		};
/* End PBXProject section */

/* Begin PBXResourcesBuildPhase section */
		BCC786601E695344006B6B04 /* Resources */ = {
			isa = PBXResourcesBuildPhase;
			buildActionMask = 2147483647;
			files = (
				BCC786751E695344006B6B04 /* LaunchScreen.storyboard in Resources */,
				BCC786721E695344006B6B04 /* Assets.xcassets in Resources */,
				BCC786701E695344006B6B04 /* Main.storyboard in Resources */,
				BCC9A3EA1E71695A00A2A81B /* huakangshaonv.ttf in Resources */,
			);
			runOnlyForDeploymentPostprocessing = 0;
		};
/* End PBXResourcesBuildPhase section */

/* Begin PBXSourcesBuildPhase section */
		BCC7865E1E695344006B6B04 /* Sources */ = {
			isa = PBXSourcesBuildPhase;
			buildActionMask = 2147483647;
			files = (
				BCC9A3D71E70EF5700A2A81B /* BaseFullContentViewController.m in Sources */,
				BCC9A3DD1E7137EF00A2A81B /* BaseNavigationController.m in Sources */,
				BCC9A3E11E714D9800A2A81B /* CustomNormalViewController.m in Sources */,
				BCC9A3E71E71667C00A2A81B /* HexColors.m in Sources */,
				BCC9A3DA1E70F4F800A2A81B /* MainListViewController.m in Sources */,
				BCC7866A1E695344006B6B04 /* AppDelegate.m in Sources */,
				BCD89C591E701AC100B2AD9B /* BaseViewController.m in Sources */,
				BCC786671E695344006B6B04 /* main.m in Sources */,
				BCD89C5C1E701AE200B2AD9B /* BaseContentViewController.m in Sources */,
			);
			runOnlyForDeploymentPostprocessing = 0;
		};
/* End PBXSourcesBuildPhase section */

/* Begin PBXVariantGroup section */
		BCC7866E1E695344006B6B04 /* Main.storyboard */ = {
			isa = PBXVariantGroup;
			children = (
				BCC7866F1E695344006B6B04 /* Base */,
			);
			name = Main.storyboard;
			sourceTree = "<group>";
		};
		BCC786731E695344006B6B04 /* LaunchScreen.storyboard */ = {
			isa = PBXVariantGroup;
			children = (
				BCC786741E695344006B6B04 /* Base */,
			);
			name = LaunchScreen.storyboard;
			sourceTree = "<group>";
		};
/* End PBXVariantGroup section */

/* Begin XCBuildConfiguration section */
		BCC786771E695344006B6B04 /* Debug */ = {
			isa = XCBuildConfiguration;
			buildSettings = {
				ALWAYS_SEARCH_USER_PATHS = NO;
				CLANG_ANALYZER_NONNULL = YES;
				CLANG_CXX_LANGUAGE_STANDARD = "gnu++0x";
				CLANG_CXX_LIBRARY = "libc++";
				CLANG_ENABLE_MODULES = YES;
				CLANG_ENABLE_OBJC_ARC = YES;
				CLANG_WARN_BOOL_CONVERSION = YES;
				CLANG_WARN_CONSTANT_CONVERSION = YES;
				CLANG_WARN_DIRECT_OBJC_ISA_USAGE = YES_ERROR;
				CLANG_WARN_DOCUMENTATION_COMMENTS = YES;
				CLANG_WARN_EMPTY_BODY = YES;
				CLANG_WARN_ENUM_CONVERSION = YES;
				CLANG_WARN_INFINITE_RECURSION = YES;
				CLANG_WARN_INT_CONVERSION = YES;
				CLANG_WARN_OBJC_ROOT_CLASS = YES_ERROR;
				CLANG_WARN_SUSPICIOUS_MOVE = YES;
				CLANG_WARN_UNREACHABLE_CODE = YES;
				CLANG_WARN__DUPLICATE_METHOD_MATCH = YES;
				"CODE_SIGN_IDENTITY[sdk=iphoneos*]" = "iPhone Developer";
				COPY_PHASE_STRIP = NO;
				DEBUG_INFORMATION_FORMAT = dwarf;
				ENABLE_STRICT_OBJC_MSGSEND = YES;
				ENABLE_TESTABILITY = YES;
				GCC_C_LANGUAGE_STANDARD = gnu99;
				GCC_DYNAMIC_NO_PIC = NO;
				GCC_NO_COMMON_BLOCKS = YES;
				GCC_OPTIMIZATION_LEVEL = 0;
				GCC_PREPROCESSOR_DEFINITIONS = (
					"DEBUG=1",
					"$(inherited)",
				);
				GCC_WARN_64_TO_32_BIT_CONVERSION = YES;
				GCC_WARN_ABOUT_RETURN_TYPE = YES_ERROR;
				GCC_WARN_UNDECLARED_SELECTOR = YES;
				GCC_WARN_UNINITIALIZED_AUTOS = YES_AGGRESSIVE;
				GCC_WARN_UNUSED_FUNCTION = YES;
				GCC_WARN_UNUSED_VARIABLE = YES;
				IPHONEOS_DEPLOYMENT_TARGET = 10.2;
				MTL_ENABLE_DEBUG_INFO = YES;
				ONLY_ACTIVE_ARCH = YES;
				SDKROOT = iphoneos;
			};
			name = Debug;
		};
		BCC786781E695344006B6B04 /* Release */ = {
			isa = XCBuildConfiguration;
			buildSettings = {
				ALWAYS_SEARCH_USER_PATHS = NO;
				CLANG_ANALYZER_NONNULL = YES;
				CLANG_CXX_LANGUAGE_STANDARD = "gnu++0x";
				CLANG_CXX_LIBRARY = "libc++";
				CLANG_ENABLE_MODULES = YES;
				CLANG_ENABLE_OBJC_ARC = YES;
				CLANG_WARN_BOOL_CONVERSION = YES;
				CLANG_WARN_CONSTANT_CONVERSION = YES;
				CLANG_WARN_DIRECT_OBJC_ISA_USAGE = YES_ERROR;
				CLANG_WARN_DOCUMENTATION_COMMENTS = YES;
				CLANG_WARN_EMPTY_BODY = YES;
				CLANG_WARN_ENUM_CONVERSION = YES;
				CLANG_WARN_INFINITE_RECURSION = YES;
				CLANG_WARN_INT_CONVERSION = YES;
				CLANG_WARN_OBJC_ROOT_CLASS = YES_ERROR;
				CLANG_WARN_SUSPICIOUS_MOVE = YES;
				CLANG_WARN_UNREACHABLE_CODE = YES;
				CLANG_WARN__DUPLICATE_METHOD_MATCH = YES;
				"CODE_SIGN_IDENTITY[sdk=iphoneos*]" = "iPhone Developer";
				COPY_PHASE_STRIP = NO;
				DEBUG_INFORMATION_FORMAT = "dwarf-with-dsym";
				ENABLE_NS_ASSERTIONS = NO;
				ENABLE_STRICT_OBJC_MSGSEND = YES;
				GCC_C_LANGUAGE_STANDARD = gnu99;
				GCC_NO_COMMON_BLOCKS = YES;
				GCC_WARN_64_TO_32_BIT_CONVERSION = YES;
				GCC_WARN_ABOUT_RETURN_TYPE = YES_ERROR;
				GCC_WARN_UNDECLARED_SELECTOR = YES;
				GCC_WARN_UNINITIALIZED_AUTOS = YES_AGGRESSIVE;
				GCC_WARN_UNUSED_FUNCTION = YES;
				GCC_WARN_UNUSED_VARIABLE = YES;
				IPHONEOS_DEPLOYMENT_TARGET = 10.2;
				MTL_ENABLE_DEBUG_INFO = NO;
				SDKROOT = iphoneos;
				VALIDATE_PRODUCT = YES;
			};
			name = Release;
		};
		BCC7867A1E695344006B6B04 /* Debug */ = {
			isa = XCBuildConfiguration;
			buildSettings = {
				ASSETCATALOG_COMPILER_APPICON_NAME = AppIcon;
				DEVELOPMENT_TEAM = LH66V26Z7L;
				GCC_PRECOMPILE_PREFIX_HEADER = YES;
				GCC_PREFIX_HEADER = "$(SRCROOT)/LiveRoomGiftAnimations/LiveAnimationPrefixHeader.pch";
				INFOPLIST_FILE = LiveRoomGiftAnimations/Info.plist;
				IPHONEOS_DEPLOYMENT_TARGET = 9.0;
				LD_RUNPATH_SEARCH_PATHS = "$(inherited) @executable_path/Frameworks";
				PRODUCT_BUNDLE_IDENTIFIER = animation.LiveRoomGiftAnimations;
				PRODUCT_NAME = "$(TARGET_NAME)";
			};
			name = Debug;
		};
		BCC7867B1E695344006B6B04 /* Release */ = {
			isa = XCBuildConfiguration;
			buildSettings = {
				ASSETCATALOG_COMPILER_APPICON_NAME = AppIcon;
				DEVELOPMENT_TEAM = LH66V26Z7L;
				GCC_PRECOMPILE_PREFIX_HEADER = YES;
				GCC_PREFIX_HEADER = "$(SRCROOT)/LiveRoomGiftAnimations/LiveAnimationPrefixHeader.pch";
				INFOPLIST_FILE = LiveRoomGiftAnimations/Info.plist;
				IPHONEOS_DEPLOYMENT_TARGET = 9.0;
				LD_RUNPATH_SEARCH_PATHS = "$(inherited) @executable_path/Frameworks";
				PRODUCT_BUNDLE_IDENTIFIER = animation.LiveRoomGiftAnimations;
				PRODUCT_NAME = "$(TARGET_NAME)";
			};
			name = Release;
		};
/* End XCBuildConfiguration section */

/* Begin XCConfigurationList section */
		BCC7865D1E695344006B6B04 /* Build configuration list for PBXProject "LiveRoomGiftAnimations" */ = {
			isa = XCConfigurationList;
			buildConfigurations = (
				BCC786771E695344006B6B04 /* Debug */,
				BCC786781E695344006B6B04 /* Release */,
			);
			defaultConfigurationIsVisible = 0;
			defaultConfigurationName = Release;
		};
		BCC786791E695344006B6B04 /* Build configuration list for PBXNativeTarget "LiveRoomGiftAnimations" */ = {
			isa = XCConfigurationList;
			buildConfigurations = (
				BCC7867A1E695344006B6B04 /* Debug */,
				BCC7867B1E695344006B6B04 /* Release */,
			);
			defaultConfigurationIsVisible = 0;
			defaultConfigurationName = Release;
		};
/* End XCConfigurationList section */
	};
	rootObject = BCC7865A1E695344006B6B04 /* Project object */;
}
